// !$*UTF8*$!
{
	archiveVersion = 1;
	classes = {
	};
	objectVersion = 50;
	objects = {

/* Begin PBXBuildFile section */
		A841E7EE2D4CB6C6000FD9C8 /* AppDelegate.swift in Sources */ = {isa = PBXBuildFile; fileRef = A841E7ED2D4CB6C6000FD9C8 /* AppDelegate.swift */; };
		A841E7F02D4CB6C6000FD9C8 /* SceneDelegate.swift in Sources */ = {isa = PBXBuildFile; fileRef = A841E7EF2D4CB6C6000FD9C8 /* SceneDelegate.swift */; };
		A841E7F72D4CB6C8000FD9C8 /* Assets.xcassets in Resources */ = {isa = PBXBuildFile; fileRef = A841E7F62D4CB6C8000FD9C8 /* Assets.xcassets */; };
		A841E7FA2D4CB6C8000FD9C8 /* LaunchScreen.storyboard in Resources */ = {isa = PBXBuildFile; fileRef = A841E7F82D4CB6C8000FD9C8 /* LaunchScreen.storyboard */; };
		A841E8022D4CB7CA000FD9C8 /* BuyTabViewController.swift in Sources */ = {isa = PBXBuildFile; fileRef = A841E8012D4CB7CA000FD9C8 /* BuyTabViewController.swift */; };
		A841E8052D4CB7E5000FD9C8 /* ForYouTabViewController.swift in Sources */ = {isa = PBXBuildFile; fileRef = A841E8042D4CB7E5000FD9C8 /* ForYouTabViewController.swift */; };
		A841E8072D4CB7F7000FD9C8 /* SearchTabViewController.swift in Sources */ = {isa = PBXBuildFile; fileRef = A841E8062D4CB7F7000FD9C8 /* SearchTabViewController.swift */; };
		A841E8092D4CB806000FD9C8 /* CartTabViewController.swift in Sources */ = {isa = PBXBuildFile; fileRef = A841E8082D4CB806000FD9C8 /* CartTabViewController.swift */; };
		A841E80B2D4D00A0000FD9C8 /* productViewController.swift in Sources */ = {isa = PBXBuildFile; fileRef = A841E80A2D4D00A0000FD9C8 /* productViewController.swift */; };
		A8FBE7452D525A4000036012 /* SplashBarViewController.swift in Sources */ = {isa = PBXBuildFile; fileRef = A8FBE7442D525A4000036012 /* SplashBarViewController.swift */; };
		A8FBE7492D532B7700036012 /* PageViewController.swift in Sources */ = {isa = PBXBuildFile; fileRef = A8FBE7482D532B7700036012 /* PageViewController.swift */; };
		A8FBE74B2D532B9300036012 /* OnbordingViewController.swift in Sources */ = {isa = PBXBuildFile; fileRef = A8FBE74A2D532B9300036012 /* OnbordingViewController.swift */; };
		A8FBE74D2D532BB100036012 /* Struct.swift in Sources */ = {isa = PBXBuildFile; fileRef = A8FBE74C2D532BB100036012 /* Struct.swift */; };
/* End PBXBuildFile section */

/* Begin PBXFileReference section */
		A841E7EA2D4CB6C6000FD9C8 /* Apple Store.app */ = {isa = PBXFileReference; explicitFileType = wrapper.application; includeInIndex = 0; path = "Apple Store.app"; sourceTree = BUILT_PRODUCTS_DIR; };
		A841E7ED2D4CB6C6000FD9C8 /* AppDelegate.swift */ = {isa = PBXFileReference; lastKnownFileType = sourcecode.swift; path = AppDelegate.swift; sourceTree = "<group>"; };
		A841E7EF2D4CB6C6000FD9C8 /* SceneDelegate.swift */ = {isa = PBXFileReference; lastKnownFileType = sourcecode.swift; path = SceneDelegate.swift; sourceTree = "<group>"; };
		A841E7F62D4CB6C8000FD9C8 /* Assets.xcassets */ = {isa = PBXFileReference; lastKnownFileType = folder.assetcatalog; path = Assets.xcassets; sourceTree = "<group>"; };
		A841E7F92D4CB6C8000FD9C8 /* Base */ = {isa = PBXFileReference; lastKnownFileType = file.storyboard; name = Base; path = Base.lproj/LaunchScreen.storyboard; sourceTree = "<group>"; };
		A841E7FB2D4CB6C8000FD9C8 /* Info.plist */ = {isa = PBXFileReference; lastKnownFileType = text.plist.xml; path = Info.plist; sourceTree = "<group>"; };
		A841E8012D4CB7CA000FD9C8 /* BuyTabViewController.swift */ = {isa = PBXFileReference; lastKnownFileType = sourcecode.swift; path = BuyTabViewController.swift; sourceTree = "<group>"; };
		A841E8042D4CB7E5000FD9C8 /* ForYouTabViewController.swift */ = {isa = PBXFileReference; lastKnownFileType = sourcecode.swift; path = ForYouTabViewController.swift; sourceTree = "<group>"; };
		A841E8062D4CB7F7000FD9C8 /* SearchTabViewController.swift */ = {isa = PBXFileReference; lastKnownFileType = sourcecode.swift; path = SearchTabViewController.swift; sourceTree = "<group>"; };
		A841E8082D4CB806000FD9C8 /* CartTabViewController.swift */ = {isa = PBXFileReference; lastKnownFileType = sourcecode.swift; path = CartTabViewController.swift; sourceTree = "<group>"; };
		A841E80A2D4D00A0000FD9C8 /* productViewController.swift */ = {isa = PBXFileReference; lastKnownFileType = sourcecode.swift; path = productViewController.swift; sourceTree = "<group>"; };
		A8FBE7442D525A4000036012 /* SplashBarViewController.swift */ = {isa = PBXFileReference; lastKnownFileType = sourcecode.swift; path = SplashBarViewController.swift; sourceTree = "<group>"; };
		A8FBE7482D532B7700036012 /* PageViewController.swift */ = {isa = PBXFileReference; lastKnownFileType = sourcecode.swift; path = PageViewController.swift; sourceTree = "<group>"; };
		A8FBE74A2D532B9300036012 /* OnbordingViewController.swift */ = {isa = PBXFileReference; lastKnownFileType = sourcecode.swift; path = OnbordingViewController.swift; sourceTree = "<group>"; };
		A8FBE74C2D532BB100036012 /* Struct.swift */ = {isa = PBXFileReference; lastKnownFileType = sourcecode.swift; path = Struct.swift; sourceTree = "<group>"; };
/* End PBXFileReference section */

/* Begin PBXFrameworksBuildPhase section */
		A841E7E72D4CB6C6000FD9C8 /* Frameworks */ = {
			isa = PBXFrameworksBuildPhase;
			buildActionMask = 2147483647;
			files = (
			);
			runOnlyForDeploymentPostprocessing = 0;
		};
/* End PBXFrameworksBuildPhase section */

/* Begin PBXGroup section */
		A841E7E12D4CB6C6000FD9C8 = {
			isa = PBXGroup;
			children = (
				A841E7EC2D4CB6C6000FD9C8 /* Apple Store */,
				A841E7EB2D4CB6C6000FD9C8 /* Products */,
			);
			sourceTree = "<group>";
		};
		A841E7EB2D4CB6C6000FD9C8 /* Products */ = {
			isa = PBXGroup;
			children = (
				A841E7EA2D4CB6C6000FD9C8 /* Apple Store.app */,
			);
			name = Products;
			sourceTree = "<group>";
		};
		A841E7EC2D4CB6C6000FD9C8 /* Apple Store */ = {
			isa = PBXGroup;
			children = (
				A8FBE7472D532B5000036012 /* PageViewController */,
				A8FBE7462D532B3D00036012 /* ProgressBar */,
				A841E8032D4CB7D1000FD9C8 /* View */,
				A841E7ED2D4CB6C6000FD9C8 /* AppDelegate.swift */,
				A841E7EF2D4CB6C6000FD9C8 /* SceneDelegate.swift */,
				A841E7F62D4CB6C8000FD9C8 /* Assets.xcassets */,
				A841E7F82D4CB6C8000FD9C8 /* LaunchScreen.storyboard */,
				A841E7FB2D4CB6C8000FD9C8 /* Info.plist */,
			);
			path = "Apple Store";
			sourceTree = "<group>";
		};
		A841E8032D4CB7D1000FD9C8 /* View */ = {
			isa = PBXGroup;
			children = (
				A841E8012D4CB7CA000FD9C8 /* BuyTabViewController.swift */,
				A841E8042D4CB7E5000FD9C8 /* ForYouTabViewController.swift */,
				A841E8062D4CB7F7000FD9C8 /* SearchTabViewController.swift */,
				A841E8082D4CB806000FD9C8 /* CartTabViewController.swift */,
				A841E80A2D4D00A0000FD9C8 /* productViewController.swift */,
			);
			path = View;
			sourceTree = "<group>";
		};
		A8FBE7462D532B3D00036012 /* ProgressBar */ = {
			isa = PBXGroup;
			children = (
				A8FBE7442D525A4000036012 /* SplashBarViewController.swift */,
			);
			path = ProgressBar;
			sourceTree = "<group>";
		};
		A8FBE7472D532B5000036012 /* PageViewController */ = {
			isa = PBXGroup;
			children = (
				A8FBE7482D532B7700036012 /* PageViewController.swift */,
				A8FBE74A2D532B9300036012 /* OnbordingViewController.swift */,
				A8FBE74C2D532BB100036012 /* Struct.swift */,
			);
			path = PageViewController;
			sourceTree = "<group>";
		};
/* End PBXGroup section */

/* Begin PBXNativeTarget section */
		A841E7E92D4CB6C6000FD9C8 /* Apple Store */ = {
			isa = PBXNativeTarget;
			buildConfigurationList = A841E7FE2D4CB6C8000FD9C8 /* Build configuration list for PBXNativeTarget "Apple Store" */;
			buildPhases = (
				A841E7E62D4CB6C6000FD9C8 /* Sources */,
				A841E7E72D4CB6C6000FD9C8 /* Frameworks */,
				A841E7E82D4CB6C6000FD9C8 /* Resources */,
			);
			buildRules = (
			);
			dependencies = (
			);
			name = "Apple Store";
			productName = "Apple Store";
			productReference = A841E7EA2D4CB6C6000FD9C8 /* Apple Store.app */;
			productType = "com.apple.product-type.application";
		};
/* End PBXNativeTarget section */

/* Begin PBXProject section */
		A841E7E22D4CB6C6000FD9C8 /* Project object */ = {
			isa = PBXProject;
			attributes = {
				LastSwiftUpdateCheck = 1130;
				LastUpgradeCheck = 1130;
				ORGANIZATIONNAME = Alexandr;
				TargetAttributes = {
					A841E7E92D4CB6C6000FD9C8 = {
						CreatedOnToolsVersion = 11.3.1;
					};
				};
			};
			buildConfigurationList = A841E7E52D4CB6C6000FD9C8 /* Build configuration list for PBXProject "Apple Store" */;
			compatibilityVersion = "Xcode 9.3";
			developmentRegion = en;
			hasScannedForEncodings = 0;
			knownRegions = (
				en,
				Base,
			);
			mainGroup = A841E7E12D4CB6C6000FD9C8;
			productRefGroup = A841E7EB2D4CB6C6000FD9C8 /* Products */;
			projectDirPath = "";
			projectRoot = "";
			targets = (
				A841E7E92D4CB6C6000FD9C8 /* Apple Store */,
			);
		};
/* End PBXProject section */

/* Begin PBXResourcesBuildPhase section */
		A841E7E82D4CB6C6000FD9C8 /* Resources */ = {
			isa = PBXResourcesBuildPhase;
			buildActionMask = 2147483647;
			files = (
				A841E7FA2D4CB6C8000FD9C8 /* LaunchScreen.storyboard in Resources */,
				A841E7F72D4CB6C8000FD9C8 /* Assets.xcassets in Resources */,
			);
			runOnlyForDeploymentPostprocessing = 0;
		};
/* End PBXResourcesBuildPhase section */

/* Begin PBXSourcesBuildPhase section */
		A841E7E62D4CB6C6000FD9C8 /* Sources */ = {
			isa = PBXSourcesBuildPhase;
			buildActionMask = 2147483647;
			files = (
				A841E8092D4CB806000FD9C8 /* CartTabViewController.swift in Sources */,
				A841E7EE2D4CB6C6000FD9C8 /* AppDelegate.swift in Sources */,
				A841E8022D4CB7CA000FD9C8 /* BuyTabViewController.swift in Sources */,
				A8FBE74B2D532B9300036012 /* OnbordingViewController.swift in Sources */,
				A841E80B2D4D00A0000FD9C8 /* productViewController.swift in Sources */,
				A841E8052D4CB7E5000FD9C8 /* ForYouTabViewController.swift in Sources */,
				A841E7F02D4CB6C6000FD9C8 /* SceneDelegate.swift in Sources */,
				A8FBE7492D532B7700036012 /* PageViewController.swift in Sources */,
				A841E8072D4CB7F7000FD9C8 /* SearchTabViewController.swift in Sources */,
				A8FBE7452D525A4000036012 /* SplashBarViewController.swift in Sources */,
				A8FBE74D2D532BB100036012 /* Struct.swift in Sources */,
			);
			runOnlyForDeploymentPostprocessing = 0;
		};
/* End PBXSourcesBuildPhase section */

/* Begin PBXVariantGroup section */
		A841E7F82D4CB6C8000FD9C8 /* LaunchScreen.storyboard */ = {
			isa = PBXVariantGroup;
			children = (
				A841E7F92D4CB6C8000FD9C8 /* Base */,
			);
			name = LaunchScreen.storyboard;
			sourceTree = "<group>";
		};
/* End PBXVariantGroup section */

/* Begin XCBuildConfiguration section */
		A841E7FC2D4CB6C8000FD9C8 /* Debug */ = {
			isa = XCBuildConfiguration;
			buildSettings = {
				ALWAYS_SEARCH_USER_PATHS = NO;
				CLANG_ANALYZER_NONNULL = YES;
				CLANG_ANALYZER_NUMBER_OBJECT_CONVERSION = YES_AGGRESSIVE;
				CLANG_CXX_LANGUAGE_STANDARD = "gnu++14";
				CLANG_CXX_LIBRARY = "libc++";
				CLANG_ENABLE_MODULES = YES;
				CLANG_ENABLE_OBJC_ARC = YES;
				CLANG_ENABLE_OBJC_WEAK = YES;
				CLANG_WARN_BLOCK_CAPTURE_AUTORELEASING = YES;
				CLANG_WARN_BOOL_CONVERSION = YES;
				CLANG_WARN_COMMA = YES;
				CLANG_WARN_CONSTANT_CONVERSION = YES;
				CLANG_WARN_DEPRECATED_OBJC_IMPLEMENTATIONS = YES;
				CLANG_WARN_DIRECT_OBJC_ISA_USAGE = YES_ERROR;
				CLANG_WARN_DOCUMENTATION_COMMENTS = YES;
				CLANG_WARN_EMPTY_BODY = YES;
				CLANG_WARN_ENUM_CONVERSION = YES;
				CLANG_WARN_INFINITE_RECURSION = YES;
				CLANG_WARN_INT_CONVERSION = YES;
				CLANG_WARN_NON_LITERAL_NULL_CONVERSION = YES;
				CLANG_WARN_OBJC_IMPLICIT_RETAIN_SELF = YES;
				CLANG_WARN_OBJC_LITERAL_CONVERSION = YES;
				CLANG_WARN_OBJC_ROOT_CLASS = YES_ERROR;
				CLANG_WARN_RANGE_LOOP_ANALYSIS = YES;
				CLANG_WARN_STRICT_PROTOTYPES = YES;
				CLANG_WARN_SUSPICIOUS_MOVE = YES;
				CLANG_WARN_UNGUARDED_AVAILABILITY = YES_AGGRESSIVE;
				CLANG_WARN_UNREACHABLE_CODE = YES;
				CLANG_WARN__DUPLICATE_METHOD_MATCH = YES;
				COPY_PHASE_STRIP = NO;
				DEBUG_INFORMATION_FORMAT = dwarf;
				ENABLE_STRICT_OBJC_MSGSEND = YES;
				ENABLE_TESTABILITY = YES;
				GCC_C_LANGUAGE_STANDARD = gnu11;
				GCC_DYNAMIC_NO_PIC = NO;
				GCC_NO_COMMON_BLOCKS = YES;
				GCC_OPTIMIZATION_LEVEL = 0;
				GCC_PREPROCESSOR_DEFINITIONS = (
					"DEBUG=1",
					"$(inherited)",
				);
				GCC_WARN_64_TO_32_BIT_CONVERSION = YES;
				GCC_WARN_ABOUT_RETURN_TYPE = YES_ERROR;
				GCC_WARN_UNDECLARED_SELECTOR = YES;
				GCC_WARN_UNINITIALIZED_AUTOS = YES_AGGRESSIVE;
				GCC_WARN_UNUSED_FUNCTION = YES;
				GCC_WARN_UNUSED_VARIABLE = YES;
				IPHONEOS_DEPLOYMENT_TARGET = 13.2;
				MTL_ENABLE_DEBUG_INFO = INCLUDE_SOURCE;
				MTL_FAST_MATH = YES;
				ONLY_ACTIVE_ARCH = YES;
				SDKROOT = iphoneos;
				SWIFT_ACTIVE_COMPILATION_CONDITIONS = DEBUG;
				SWIFT_OPTIMIZATION_LEVEL = "-Onone";
			};
			name = Debug;
		};
		A841E7FD2D4CB6C8000FD9C8 /* Release */ = {
			isa = XCBuildConfiguration;
			buildSettings = {
				ALWAYS_SEARCH_USER_PATHS = NO;
				CLANG_ANALYZER_NONNULL = YES;
				CLANG_ANALYZER_NUMBER_OBJECT_CONVERSION = YES_AGGRESSIVE;
				CLANG_CXX_LANGUAGE_STANDARD = "gnu++14";
				CLANG_CXX_LIBRARY = "libc++";
				CLANG_ENABLE_MODULES = YES;
				CLANG_ENABLE_OBJC_ARC = YES;
				CLANG_ENABLE_OBJC_WEAK = YES;
				CLANG_WARN_BLOCK_CAPTURE_AUTORELEASING = YES;
				CLANG_WARN_BOOL_CONVERSION = YES;
				CLANG_WARN_COMMA = YES;
				CLANG_WARN_CONSTANT_CONVERSION = YES;
				CLANG_WARN_DEPRECATED_OBJC_IMPLEMENTATIONS = YES;
				CLANG_WARN_DIRECT_OBJC_ISA_USAGE = YES_ERROR;
				CLANG_WARN_DOCUMENTATION_COMMENTS = YES;
				CLANG_WARN_EMPTY_BODY = YES;
				CLANG_WARN_ENUM_CONVERSION = YES;
				CLANG_WARN_INFINITE_RECURSION = YES;
				CLANG_WARN_INT_CONVERSION = YES;
				CLANG_WARN_NON_LITERAL_NULL_CONVERSION = YES;
				CLANG_WARN_OBJC_IMPLICIT_RETAIN_SELF = YES;
				CLANG_WARN_OBJC_LITERAL_CONVERSION = YES;
				CLANG_WARN_OBJC_ROOT_CLASS = YES_ERROR;
				CLANG_WARN_RANGE_LOOP_ANALYSIS = YES;
				CLANG_WARN_STRICT_PROTOTYPES = YES;
				CLANG_WARN_SUSPICIOUS_MOVE = YES;
				CLANG_WARN_UNGUARDED_AVAILABILITY = YES_AGGRESSIVE;
				CLANG_WARN_UNREACHABLE_CODE = YES;
				CLANG_WARN__DUPLICATE_METHOD_MATCH = YES;
				COPY_PHASE_STRIP = NO;
				DEBUG_INFORMATION_FORMAT = "dwarf-with-dsym";
				ENABLE_NS_ASSERTIONS = NO;
				ENABLE_STRICT_OBJC_MSGSEND = YES;
				GCC_C_LANGUAGE_STANDARD = gnu11;
				GCC_NO_COMMON_BLOCKS = YES;
				GCC_WARN_64_TO_32_BIT_CONVERSION = YES;
				GCC_WARN_ABOUT_RETURN_TYPE = YES_ERROR;
				GCC_WARN_UNDECLARED_SELECTOR = YES;
				GCC_WARN_UNINITIALIZED_AUTOS = YES_AGGRESSIVE;
				GCC_WARN_UNUSED_FUNCTION = YES;
				GCC_WARN_UNUSED_VARIABLE = YES;
				IPHONEOS_DEPLOYMENT_TARGET = 13.2;
				MTL_ENABLE_DEBUG_INFO = NO;
				MTL_FAST_MATH = YES;
				SDKROOT = iphoneos;
				SWIFT_COMPILATION_MODE = wholemodule;
				SWIFT_OPTIMIZATION_LEVEL = "-O";
				VALIDATE_PRODUCT = YES;
			};
			name = Release;
		};
		A841E7FF2D4CB6C8000FD9C8 /* Debug */ = {
			isa = XCBuildConfiguration;
			buildSettings = {
				ASSETCATALOG_COMPILER_APPICON_NAME = AppIcon;
				CODE_SIGN_STYLE = Automatic;
				DEVELOPMENT_TEAM = AAY659W2TT;
				INFOPLIST_FILE = "Apple Store/Info.plist";
				LD_RUNPATH_SEARCH_PATHS = (
					"$(inherited)",
					"@executable_path/Frameworks",
				);
				PRODUCT_BUNDLE_IDENTIFIER = "com.Apple-Store";
				PRODUCT_NAME = "$(TARGET_NAME)";
				SWIFT_VERSION = 5.0;
				TARGETED_DEVICE_FAMILY = "1,2";
			};
			name = Debug;
		};
		A841E8002D4CB6C8000FD9C8 /* Release */ = {
			isa = XCBuildConfiguration;
			buildSettings = {
				ASSETCATALOG_COMPILER_APPICON_NAME = AppIcon;
				CODE_SIGN_STYLE = Automatic;
				DEVELOPMENT_TEAM = AAY659W2TT;
				INFOPLIST_FILE = "Apple Store/Info.plist";
				LD_RUNPATH_SEARCH_PATHS = (
					"$(inherited)",
					"@executable_path/Frameworks",
				);
				PRODUCT_BUNDLE_IDENTIFIER = "com.Apple-Store";
				PRODUCT_NAME = "$(TARGET_NAME)";
				SWIFT_VERSION = 5.0;
				TARGETED_DEVICE_FAMILY = "1,2";
			};
			name = Release;
		};
/* End XCBuildConfiguration section */

/* Begin XCConfigurationList section */
		A841E7E52D4CB6C6000FD9C8 /* Build configuration list for PBXProject "Apple Store" */ = {
			isa = XCConfigurationList;
			buildConfigurations = (
				A841E7FC2D4CB6C8000FD9C8 /* Debug */,
				A841E7FD2D4CB6C8000FD9C8 /* Release */,
			);
			defaultConfigurationIsVisible = 0;
			defaultConfigurationName = Release;
		};
		A841E7FE2D4CB6C8000FD9C8 /* Build configuration list for PBXNativeTarget "Apple Store" */ = {
			isa = XCConfigurationList;
			buildConfigurations = (
				A841E7FF2D4CB6C8000FD9C8 /* Debug */,
				A841E8002D4CB6C8000FD9C8 /* Release */,
			);
			defaultConfigurationIsVisible = 0;
			defaultConfigurationName = Release;
		};
/* End XCConfigurationList section */
	};
	rootObject = A841E7E22D4CB6C6000FD9C8 /* Project object */;
}
